{
  "originHash" : "4008f8d0c437c1a5dcf38d1d6d6f69b5ed9e6344c0552fdea4ca23a9f72698da",
  "pins" : [
    {
      "identity" : "alamofire",
      "kind" : "remoteSourceControl",
      "location" : "https://github.com/Alamofire/Alamofire.git",
      "state" : {
        "revision" : "513364f870f6bfc468f9d2ff0a95caccc10044c5",
        "version" : "5.10.2"
      }
    },
    {
      "identity" : "avios",
      "kind" : "remoteSourceControl",
      "location" : "https://github.com/XenoPOMP/Avios.git",
      "state" : {
        "revision" : "c37f90b053a8bd3ee06a579eccddf0fc0fa68204",
        "version" : "0.2.0"
      }
    },
    {
      "identity" : "swiftdate",
      "kind" : "remoteSourceControl",
      "location" : "https://github.com/malcommac/SwiftDate.git",
      "state" : {
        "revision" : "5d943224c3bb173e6ecf27295611615eba90c80e",
        "version" : "7.0.0"
      }
    }
  ],
  "version" : 3
}
